
Microsoft Visual Studio Solution File, Format Version 12.00
# Visual Studio Version 17
VisualStudioVersion = 17.8.34511.84
MinimumVisualStudioVersion = 10.0.40219.1
Project("{FAE04EC0-301F-11D3-BF4B-00C04F79EFBC}") = "ATV6_CJ3022552", "ATV6_CJ3022552\ATV6_CJ3022552.csproj", "{49E746A7-13D8-440E-916E-7B9894FB3343}"
EndProject
Global
	GlobalSection(SolutionConfigurationPlatforms) = preSolution
		Debug|Any CPU = Debug|Any CPU
		Release|Any CPU = Release|Any CPU
	EndGlobalSection
	GlobalSection(ProjectConfigurationPlatforms) = postSolution
		{49E746A7-13D8-440E-916E-7B9894FB3343}.Debug|Any CPU.ActiveCfg = Debug|Any CPU
		{49E746A7-13D8-440E-916E-7B9894FB3343}.Debug|Any CPU.Build.0 = Debug|Any CPU
		{49E746A7-13D8-440E-916E-7B9894FB3343}.Release|Any CPU.ActiveCfg = Release|Any CPU
		{49E746A7-13D8-440E-916E-7B9894FB3343}.Release|Any CPU.Build.0 = Release|Any CPU
	EndGlobalSection
	GlobalSection(SolutionProperties) = preSolution
		HideSolutionNode = FALSE
	EndGlobalSection
	GlobalSection(ExtensibilityGlobals) = postSolution
		SolutionGuid = {18DA679E-C9D1-4548-864F-8255A6BE3538}
	EndGlobalSection
EndGlobal
